{
    "_readme": [
        "This file locks the dependencies of your project to a known state",
        "Read more about it at https://getcomposer.org/doc/01-basic-usage.md#composer-lock-the-lock-file",
        "This file is @generated automatically"
    ],
    "hash": "8a8c85b303710e6da1e04ecc3660d138",
    "content-hash": "b65fadc3f9906f28b11aa19c2396f99f",
    "packages": [
        {
            "name": "innmind/event-bus",
            "version": "1.0.0",
            "source": {
                "type": "git",
                "url": "https://github.com/Innmind/EventBus.git",
                "reference": "91d471f0219db0015a2bbd2449e350ab597b03ea"
            },
            "dist": {
                "type": "zip",
                "url": "https://api.github.com/repos/Innmind/EventBus/zipball/91d471f0219db0015a2bbd2449e350ab597b03ea",
                "reference": "91d471f0219db0015a2bbd2449e350ab597b03ea",
                "shasum": ""
            },
            "require": {
                "innmind/immutable": "^1.8",
                "php": ">=7.0"
            },
            "type": "library",
            "autoload": {
                "psr-4": {
                    "Innmind\\EventBus\\": "src/",
                    "Tests\\Innmind\\EventBus\\": "src/"
                }
            },
            "notification-url": "https://packagist.org/downloads/",
            "license": [
                "MIT"
            ],
            "authors": [
                {
                    "name": "Baptiste Langlade",
                    "email": "langlade.baptiste@gmail.com"
                }
            ],
            "description": "Event dispatcher library",
            "homepage": "http://github.com/Innmind/EventBus",
            "keywords": [
                "dispatcher",
                "event"
            ],
            "time": "2016-06-18 14:20:24"
        },
        {
            "name": "innmind/immutable",
            "version": "1.9.0",
            "target-dir": "Innmind/Immutable",
            "source": {
                "type": "git",
                "url": "https://github.com/Innmind/Immutable.git",
                "reference": "023ec3e2ffaa16a6966588b25e1dd7de5679778f"
            },
            "dist": {
                "type": "zip",
                "url": "https://api.github.com/repos/Innmind/Immutable/zipball/023ec3e2ffaa16a6966588b25e1dd7de5679778f",
                "reference": "023ec3e2ffaa16a6966588b25e1dd7de5679778f",
                "shasum": ""
            },
            "require": {
                "php": "~7.0"
            },
            "type": "library",
            "autoload": {
                "psr-0": {
                    "Innmind\\Immutable": ""
                }
            },
            "notification-url": "https://packagist.org/downloads/",
            "license": [
                "MIT"
            ],
            "authors": [
                {
                    "name": "Baptiste Langlade",
                    "email": "langlade.baptiste@gmail.com"
                }
            ],
            "description": "Immutable PHP primitive wrappers",
            "homepage": "http://github.com/Innmind/Immutable",
            "keywords": [
                "immutable",
                "wrapper"
            ],
            "time": "2016-07-15 12:23:56"
        },
        {
            "name": "innmind/specification",
            "version": "1.0.0",
            "target-dir": "Innmind/Specification",
            "source": {
                "type": "git",
                "url": "https://github.com/Innmind/Specification.git",
                "reference": "fc38adfba1872513109b148eab77a088b27fc1a1"
            },
            "dist": {
                "type": "zip",
                "url": "https://api.github.com/repos/Innmind/Specification/zipball/fc38adfba1872513109b148eab77a088b27fc1a1",
                "reference": "fc38adfba1872513109b148eab77a088b27fc1a1",
                "shasum": ""
            },
            "require": {
                "php": ">=7.0"
            },
            "type": "library",
            "autoload": {
                "psr-0": {
                    "Innmind\\Specification": ""
                }
            },
            "notification-url": "https://packagist.org/downloads/",
            "license": [
                "MIT"
            ],
            "authors": [
                {
                    "name": "Baptiste Langlade",
                    "email": "langlade.baptiste@gmail.com"
                }
            ],
            "description": "Interfaces allowing to compose a tree of specifications",
            "homepage": "http://github.com/Innmind/Specification",
            "keywords": [
                "ddd",
                "specification"
            ],
            "time": "2016-03-19 15:43:59"
        },
        {
            "name": "innmind/time-continuum",
            "version": "1.0.0",
            "source": {
                "type": "git",
                "url": "https://github.com/Innmind/TimeContinuum.git",
                "reference": "46f6beafa006671711288c8bc84a9a57e151c6e6"
            },
            "dist": {
                "type": "zip",
                "url": "https://api.github.com/repos/Innmind/TimeContinuum/zipball/46f6beafa006671711288c8bc84a9a57e151c6e6",
                "reference": "46f6beafa006671711288c8bc84a9a57e151c6e6",
                "shasum": ""
            },
            "require": {
                "php": "~7.0"
            },
            "type": "library",
            "autoload": {
                "psr-4": {
                    "Innmind\\TimeContinuum\\": "src/",
                    "Tests\\Innmind\\TimeContinuum\\": "tests/"
                }
            },
            "notification-url": "https://packagist.org/downloads/",
            "license": [
                "MIT"
            ],
            "authors": [
                {
                    "name": "Baptiste Langlade",
                    "email": "langlade.baptiste@gmail.com"
                }
            ],
            "description": "Library to manipulate time",
            "homepage": "http://github.com/Innmind/TimeContinuum",
            "keywords": [
                "time"
            ],
            "time": "2016-10-11 11:11:47"
        },
        {
            "name": "innmind/url",
            "version": "1.0.4",
            "source": {
                "type": "git",
                "url": "https://github.com/Innmind/Url.git",
                "reference": "a491e5ec0febe99787fc1141221229e79e1850a4"
            },
            "dist": {
                "type": "zip",
                "url": "https://api.github.com/repos/Innmind/Url/zipball/a491e5ec0febe99787fc1141221229e79e1850a4",
                "reference": "a491e5ec0febe99787fc1141221229e79e1850a4",
                "shasum": ""
            },
            "require": {
                "innmind/immutable": "^1.5",
                "league/uri": "^4.2",
                "php": "~7.0"
            },
            "type": "library",
            "autoload": {
                "psr-4": {
                    "Innmind\\Url\\": "src/",
                    "Tests\\Innmind\\Url\\": "tests/"
                }
            },
            "notification-url": "https://packagist.org/downloads/",
            "license": [
                "MIT"
            ],
            "authors": [
                {
                    "name": "Baptiste Langlade",
                    "email": "langlade.baptiste@gmail.com"
                }
            ],
            "description": "Library to abstract url handling",
            "homepage": "http://github.com/Innmind/Url",
            "keywords": [
                "url"
            ],
            "time": "2016-11-11 15:47:41"
        },
        {
            "name": "jeremykendall/php-domain-parser",
            "version": "3.0.0",
            "source": {
                "type": "git",
                "url": "https://github.com/jeremykendall/php-domain-parser.git",
                "reference": "896e7e70f02bd4fd77190052799bc61e4d779672"
            },
            "dist": {
                "type": "zip",
                "url": "https://api.github.com/repos/jeremykendall/php-domain-parser/zipball/896e7e70f02bd4fd77190052799bc61e4d779672",
                "reference": "896e7e70f02bd4fd77190052799bc61e4d779672",
                "shasum": ""
            },
            "require": {
                "ext-curl": "*",
                "ext-intl": "*",
                "ext-mbstring": "*",
                "php": ">=5.3.0"
            },
            "require-dev": {
                "jeremykendall/debug-die": "0.0.1.*",
                "mikey179/vfsstream": "~1.4",
                "phpunit/phpunit": "~4.4"
            },
            "bin": [
                "bin/parse",
                "bin/update-psl"
            ],
            "type": "library",
            "autoload": {
                "psr-0": {
                    "Pdp\\": "src/"
                },
                "files": [
                    "src/pdp-parse-url.php"
                ]
            },
            "notification-url": "https://packagist.org/downloads/",
            "license": [
                "MIT"
            ],
            "authors": [
                {
                    "name": "Jeremy Kendall",
                    "homepage": "http://about.me/jeremykendall",
                    "role": "Developer"
                },
                {
                    "name": "Contributors",
                    "homepage": "https://github.com/jeremykendall/php-domain-parser/graphs/contributors"
                }
            ],
            "description": "Public Suffix List based URL parsing implemented in PHP.",
            "homepage": "https://github.com/jeremykendall/php-domain-parser",
            "keywords": [
                "Public Suffix List",
                "domain parsing",
                "url parsing"
            ],
            "time": "2015-03-30 12:49:45"
        },
        {
            "name": "league/uri",
            "version": "4.2.1",
            "source": {
                "type": "git",
                "url": "https://github.com/thephpleague/uri.git",
                "reference": "d7f082d3532d8c648427ce2c486d4db4ae604278"
            },
            "dist": {
                "type": "zip",
                "url": "https://api.github.com/repos/thephpleague/uri/zipball/d7f082d3532d8c648427ce2c486d4db4ae604278",
                "reference": "d7f082d3532d8c648427ce2c486d4db4ae604278",
                "shasum": ""
            },
            "require": {
                "ext-fileinfo": "*",
                "ext-intl": "*",
                "ext-mbstring": "*",
                "jeremykendall/php-domain-parser": "^3.0",
                "php": ">=5.5.9",
                "psr/http-message": "^1.0"
            },
            "require-dev": {
                "friendsofphp/php-cs-fixer": "^1.9",
                "phpunit/phpunit": "^4.0"
            },
            "type": "library",
            "extra": {
                "branch-alias": {
                    "dev-master": "4.2.x-dev"
                }
            },
            "autoload": {
                "psr-4": {
                    "League\\Uri\\": "src"
                },
                "files": [
                    "src/functions_include.php"
                ]
            },
            "notification-url": "https://packagist.org/downloads/",
            "license": [
                "MIT"
            ],
            "authors": [
                {
                    "name": "Ignace Nyamagana Butera",
                    "email": "nyamsprod@gmail.com",
                    "homepage": "https://nyamsprod.com"
                }
            ],
            "description": "URI manipulation library",
            "homepage": "http://uri.thephpleague.com",
            "keywords": [
                "data-uri",
                "ftp",
                "http",
                "https",
                "parse_url",
                "psr-7",
                "rfc3986",
                "uri",
                "url",
                "ws"
            ],
            "time": "2016-11-24 11:59:59"
        },
        {
            "name": "psr/http-message",
            "version": "1.0.1",
            "source": {
                "type": "git",
                "url": "https://github.com/php-fig/http-message.git",
                "reference": "f6561bf28d520154e4b0ec72be95418abe6d9363"
            },
            "dist": {
                "type": "zip",
                "url": "https://api.github.com/repos/php-fig/http-message/zipball/f6561bf28d520154e4b0ec72be95418abe6d9363",
                "reference": "f6561bf28d520154e4b0ec72be95418abe6d9363",
                "shasum": ""
            },
            "require": {
                "php": ">=5.3.0"
            },
            "type": "library",
            "extra": {
                "branch-alias": {
                    "dev-master": "1.0.x-dev"
                }
            },
            "autoload": {
                "psr-4": {
                    "Psr\\Http\\Message\\": "src/"
                }
            },
            "notification-url": "https://packagist.org/downloads/",
            "license": [
                "MIT"
            ],
            "authors": [
                {
                    "name": "PHP-FIG",
                    "homepage": "http://www.php-fig.org/"
                }
            ],
            "description": "Common interface for HTTP messages",
            "homepage": "https://github.com/php-fig/http-message",
            "keywords": [
                "http",
                "http-message",
                "psr",
                "psr-7",
                "request",
                "response"
            ],
            "time": "2016-08-06 14:39:51"
        }
    ],
    "packages-dev": [],
    "aliases": [],
    "minimum-stability": "stable",
    "stability-flags": [],
    "prefer-stable": false,
    "prefer-lowest": false,
    "platform": {
        "php": "~7.1"
    },
    "platform-dev": []
}
